
Microsoft Visual Studio Solution File, Format Version 12.00
# Visual Studio Version 17
VisualStudioVersion = 17.5.33530.505
MinimumVisualStudioVersion = 10.0.40219.1
Project("{9A19103F-16F7-4668-BE54-9A1E7A4F7556}") = "TestProject", "TestProject\TestProject.csproj", "{827ADFA9-527A-49A7-B469-D5611002F278}"
EndProject
Project("{9A19103F-16F7-4668-BE54-9A1E7A4F7556}") = "Shared", "Shared\Shared.csproj", "{AF13E739-DE75-4FC1-AC1E-8AEB30F27499}"
EndProject
Project("{9A19103F-16F7-4668-BE54-9A1E7A4F7556}") = "Observer", "Observer\Observer.csproj", "{F7C63F94-A4FC-4DCA-8746-2FF331660F8F}"
EndProject
Project("{9A19103F-16F7-4668-BE54-9A1E7A4F7556}") = "FactoryMethod", "FactoryMethod\FactoryMethod.csproj", "{BA270D13-B812-45F6-B3B5-74F8C7486134}"
EndProject
Project("{9A19103F-16F7-4668-BE54-9A1E7A4F7556}") = "AbstractFactory", "AbstractFactory\AbstractFactory.csproj", "{06655ABB-C078-452E-B9F8-308D8DEB7192}"
EndProject
Project("{9A19103F-16F7-4668-BE54-9A1E7A4F7556}") = "Builder", "Builder\Builder.csproj", "{07810A9A-838A-4163-AC76-DB1B7AC6A4D4}"
EndProject
Project("{9A19103F-16F7-4668-BE54-9A1E7A4F7556}") = "Prototype", "Prototype\Prototype.csproj", "{016993D7-9AAB-4EF1-9FCD-C2C7E1F8DB65}"
EndProject
Project("{9A19103F-16F7-4668-BE54-9A1E7A4F7556}") = "Singleton", "Singleton\Singleton.csproj", "{0EEA0AB1-3F5E-4A7C-83C1-7540D26B3D45}"
EndProject
Project("{9A19103F-16F7-4668-BE54-9A1E7A4F7556}") = "Adapter", "Adapter\Adapter.csproj", "{43736080-D493-4CDA-ABEF-34B5225EFF68}"
EndProject
Project("{9A19103F-16F7-4668-BE54-9A1E7A4F7556}") = "Bridge", "Bridge\Bridge.csproj", "{B6F5930C-DAB1-478E-B14D-1F2B7216FB7A}"
EndProject
Project("{9A19103F-16F7-4668-BE54-9A1E7A4F7556}") = "Composite", "Composite\Composite.csproj", "{6D0BDEAA-40E2-483C-89B2-0670B805295D}"
EndProject
Project("{9A19103F-16F7-4668-BE54-9A1E7A4F7556}") = "Decorator", "Decorator\Decorator.csproj", "{80DF29CD-A64F-4594-9C77-87ABBA4A24E1}"
EndProject
Project("{9A19103F-16F7-4668-BE54-9A1E7A4F7556}") = "Facade", "Facade\Facade.csproj", "{5BC53DB6-8CE4-4526-B339-277D89198A24}"
EndProject
Project("{9A19103F-16F7-4668-BE54-9A1E7A4F7556}") = "Flyweight", "Flyweight\Flyweight.csproj", "{A12BA98E-3884-4F26-A2EA-4E2A8DE2B55B}"
EndProject
Project("{9A19103F-16F7-4668-BE54-9A1E7A4F7556}") = "SinglyLinkedList", "SinglyLinkedList\SinglyLinkedList.csproj", "{B7A2EC0C-C495-4DF8-90F5-2B75C6EF2AA3}"
EndProject
Project("{F2A71F9B-5D33-465A-A702-920D77279786}") = "Pipelines", "Pipelines\Pipelines.fsproj", "{F53EF5BB-0A05-4A3B-A80B-3362DC4BD6B3}"
EndProject
Project("{F2A71F9B-5D33-465A-A702-920D77279786}") = "ListsArraysAndSequences", "ListsArraysAndSequences\ListsArraysAndSequences.fsproj", "{89313D15-6CE8-4A4E-98BA-63A996063B0B}"
EndProject
Project("{F2A71F9B-5D33-465A-A702-920D77279786}") = "Arrays", "Arrays\Arrays.fsproj", "{8859D0C9-6223-4E80-8B63-3D19C23F4EE9}"
EndProject
Project("{2150E333-8FDC-42A3-9474-1A3956D46DE8}") = "FSharp", "FSharp", "{65A0416F-3380-4470-BD7E-CD0760B32EFE}"
EndProject
Project("{F2A71F9B-5D33-465A-A702-920D77279786}") = "Sequences", "Sequences\Sequences.fsproj", "{C1803806-AF10-4D8E-9619-CD6B6FB43114}"
EndProject
Project("{F2A71F9B-5D33-465A-A702-920D77279786}") = "Recursion", "Recursion\Recursion.fsproj", "{7BE3EFF9-99C3-4E5E-A5A7-D674CAC36AA3}"
EndProject
Global
	GlobalSection(SolutionConfigurationPlatforms) = preSolution
		Debug|Any CPU = Debug|Any CPU
		Release|Any CPU = Release|Any CPU
	EndGlobalSection
	GlobalSection(ProjectConfigurationPlatforms) = postSolution
		{827ADFA9-527A-49A7-B469-D5611002F278}.Debug|Any CPU.ActiveCfg = Debug|Any CPU
		{827ADFA9-527A-49A7-B469-D5611002F278}.Debug|Any CPU.Build.0 = Debug|Any CPU
		{827ADFA9-527A-49A7-B469-D5611002F278}.Release|Any CPU.ActiveCfg = Release|Any CPU
		{827ADFA9-527A-49A7-B469-D5611002F278}.Release|Any CPU.Build.0 = Release|Any CPU
		{AF13E739-DE75-4FC1-AC1E-8AEB30F27499}.Debug|Any CPU.ActiveCfg = Debug|Any CPU
		{AF13E739-DE75-4FC1-AC1E-8AEB30F27499}.Debug|Any CPU.Build.0 = Debug|Any CPU
		{AF13E739-DE75-4FC1-AC1E-8AEB30F27499}.Release|Any CPU.ActiveCfg = Release|Any CPU
		{AF13E739-DE75-4FC1-AC1E-8AEB30F27499}.Release|Any CPU.Build.0 = Release|Any CPU
		{F7C63F94-A4FC-4DCA-8746-2FF331660F8F}.Debug|Any CPU.ActiveCfg = Debug|Any CPU
		{F7C63F94-A4FC-4DCA-8746-2FF331660F8F}.Debug|Any CPU.Build.0 = Debug|Any CPU
		{F7C63F94-A4FC-4DCA-8746-2FF331660F8F}.Release|Any CPU.ActiveCfg = Release|Any CPU
		{F7C63F94-A4FC-4DCA-8746-2FF331660F8F}.Release|Any CPU.Build.0 = Release|Any CPU
		{BA270D13-B812-45F6-B3B5-74F8C7486134}.Debug|Any CPU.ActiveCfg = Debug|Any CPU
		{BA270D13-B812-45F6-B3B5-74F8C7486134}.Debug|Any CPU.Build.0 = Debug|Any CPU
		{BA270D13-B812-45F6-B3B5-74F8C7486134}.Release|Any CPU.ActiveCfg = Release|Any CPU
		{BA270D13-B812-45F6-B3B5-74F8C7486134}.Release|Any CPU.Build.0 = Release|Any CPU
		{06655ABB-C078-452E-B9F8-308D8DEB7192}.Debug|Any CPU.ActiveCfg = Debug|Any CPU
		{06655ABB-C078-452E-B9F8-308D8DEB7192}.Debug|Any CPU.Build.0 = Debug|Any CPU
		{06655ABB-C078-452E-B9F8-308D8DEB7192}.Release|Any CPU.ActiveCfg = Release|Any CPU
		{06655ABB-C078-452E-B9F8-308D8DEB7192}.Release|Any CPU.Build.0 = Release|Any CPU
		{07810A9A-838A-4163-AC76-DB1B7AC6A4D4}.Debug|Any CPU.ActiveCfg = Debug|Any CPU
		{07810A9A-838A-4163-AC76-DB1B7AC6A4D4}.Debug|Any CPU.Build.0 = Debug|Any CPU
		{07810A9A-838A-4163-AC76-DB1B7AC6A4D4}.Release|Any CPU.ActiveCfg = Release|Any CPU
		{07810A9A-838A-4163-AC76-DB1B7AC6A4D4}.Release|Any CPU.Build.0 = Release|Any CPU
		{016993D7-9AAB-4EF1-9FCD-C2C7E1F8DB65}.Debug|Any CPU.ActiveCfg = Debug|Any CPU
		{016993D7-9AAB-4EF1-9FCD-C2C7E1F8DB65}.Debug|Any CPU.Build.0 = Debug|Any CPU
		{016993D7-9AAB-4EF1-9FCD-C2C7E1F8DB65}.Release|Any CPU.ActiveCfg = Release|Any CPU
		{016993D7-9AAB-4EF1-9FCD-C2C7E1F8DB65}.Release|Any CPU.Build.0 = Release|Any CPU
		{0EEA0AB1-3F5E-4A7C-83C1-7540D26B3D45}.Debug|Any CPU.ActiveCfg = Debug|Any CPU
		{0EEA0AB1-3F5E-4A7C-83C1-7540D26B3D45}.Debug|Any CPU.Build.0 = Debug|Any CPU
		{0EEA0AB1-3F5E-4A7C-83C1-7540D26B3D45}.Release|Any CPU.ActiveCfg = Release|Any CPU
		{0EEA0AB1-3F5E-4A7C-83C1-7540D26B3D45}.Release|Any CPU.Build.0 = Release|Any CPU
		{43736080-D493-4CDA-ABEF-34B5225EFF68}.Debug|Any CPU.ActiveCfg = Debug|Any CPU
		{43736080-D493-4CDA-ABEF-34B5225EFF68}.Debug|Any CPU.Build.0 = Debug|Any CPU
		{43736080-D493-4CDA-ABEF-34B5225EFF68}.Release|Any CPU.ActiveCfg = Release|Any CPU
		{43736080-D493-4CDA-ABEF-34B5225EFF68}.Release|Any CPU.Build.0 = Release|Any CPU
		{B6F5930C-DAB1-478E-B14D-1F2B7216FB7A}.Debug|Any CPU.ActiveCfg = Debug|Any CPU
		{B6F5930C-DAB1-478E-B14D-1F2B7216FB7A}.Debug|Any CPU.Build.0 = Debug|Any CPU
		{B6F5930C-DAB1-478E-B14D-1F2B7216FB7A}.Release|Any CPU.ActiveCfg = Release|Any CPU
		{B6F5930C-DAB1-478E-B14D-1F2B7216FB7A}.Release|Any CPU.Build.0 = Release|Any CPU
		{6D0BDEAA-40E2-483C-89B2-0670B805295D}.Debug|Any CPU.ActiveCfg = Debug|Any CPU
		{6D0BDEAA-40E2-483C-89B2-0670B805295D}.Debug|Any CPU.Build.0 = Debug|Any CPU
		{6D0BDEAA-40E2-483C-89B2-0670B805295D}.Release|Any CPU.ActiveCfg = Release|Any CPU
		{6D0BDEAA-40E2-483C-89B2-0670B805295D}.Release|Any CPU.Build.0 = Release|Any CPU
		{80DF29CD-A64F-4594-9C77-87ABBA4A24E1}.Debug|Any CPU.ActiveCfg = Debug|Any CPU
		{80DF29CD-A64F-4594-9C77-87ABBA4A24E1}.Debug|Any CPU.Build.0 = Debug|Any CPU
		{80DF29CD-A64F-4594-9C77-87ABBA4A24E1}.Release|Any CPU.ActiveCfg = Release|Any CPU
		{80DF29CD-A64F-4594-9C77-87ABBA4A24E1}.Release|Any CPU.Build.0 = Release|Any CPU
		{5BC53DB6-8CE4-4526-B339-277D89198A24}.Debug|Any CPU.ActiveCfg = Debug|Any CPU
		{5BC53DB6-8CE4-4526-B339-277D89198A24}.Debug|Any CPU.Build.0 = Debug|Any CPU
		{5BC53DB6-8CE4-4526-B339-277D89198A24}.Release|Any CPU.ActiveCfg = Release|Any CPU
		{5BC53DB6-8CE4-4526-B339-277D89198A24}.Release|Any CPU.Build.0 = Release|Any CPU
		{A12BA98E-3884-4F26-A2EA-4E2A8DE2B55B}.Debug|Any CPU.ActiveCfg = Debug|Any CPU
		{A12BA98E-3884-4F26-A2EA-4E2A8DE2B55B}.Debug|Any CPU.Build.0 = Debug|Any CPU
		{A12BA98E-3884-4F26-A2EA-4E2A8DE2B55B}.Release|Any CPU.ActiveCfg = Release|Any CPU
		{A12BA98E-3884-4F26-A2EA-4E2A8DE2B55B}.Release|Any CPU.Build.0 = Release|Any CPU
		{B7A2EC0C-C495-4DF8-90F5-2B75C6EF2AA3}.Debug|Any CPU.ActiveCfg = Debug|Any CPU
		{B7A2EC0C-C495-4DF8-90F5-2B75C6EF2AA3}.Debug|Any CPU.Build.0 = Debug|Any CPU
		{B7A2EC0C-C495-4DF8-90F5-2B75C6EF2AA3}.Release|Any CPU.ActiveCfg = Release|Any CPU
		{B7A2EC0C-C495-4DF8-90F5-2B75C6EF2AA3}.Release|Any CPU.Build.0 = Release|Any CPU
		{F53EF5BB-0A05-4A3B-A80B-3362DC4BD6B3}.Debug|Any CPU.ActiveCfg = Debug|Any CPU
		{F53EF5BB-0A05-4A3B-A80B-3362DC4BD6B3}.Debug|Any CPU.Build.0 = Debug|Any CPU
		{F53EF5BB-0A05-4A3B-A80B-3362DC4BD6B3}.Release|Any CPU.ActiveCfg = Release|Any CPU
		{F53EF5BB-0A05-4A3B-A80B-3362DC4BD6B3}.Release|Any CPU.Build.0 = Release|Any CPU
		{89313D15-6CE8-4A4E-98BA-63A996063B0B}.Debug|Any CPU.ActiveCfg = Debug|Any CPU
		{89313D15-6CE8-4A4E-98BA-63A996063B0B}.Debug|Any CPU.Build.0 = Debug|Any CPU
		{89313D15-6CE8-4A4E-98BA-63A996063B0B}.Release|Any CPU.ActiveCfg = Release|Any CPU
		{89313D15-6CE8-4A4E-98BA-63A996063B0B}.Release|Any CPU.Build.0 = Release|Any CPU
		{8859D0C9-6223-4E80-8B63-3D19C23F4EE9}.Debug|Any CPU.ActiveCfg = Debug|Any CPU
		{8859D0C9-6223-4E80-8B63-3D19C23F4EE9}.Debug|Any CPU.Build.0 = Debug|Any CPU
		{8859D0C9-6223-4E80-8B63-3D19C23F4EE9}.Release|Any CPU.ActiveCfg = Release|Any CPU
		{8859D0C9-6223-4E80-8B63-3D19C23F4EE9}.Release|Any CPU.Build.0 = Release|Any CPU
		{C1803806-AF10-4D8E-9619-CD6B6FB43114}.Debug|Any CPU.ActiveCfg = Debug|Any CPU
		{C1803806-AF10-4D8E-9619-CD6B6FB43114}.Debug|Any CPU.Build.0 = Debug|Any CPU
		{C1803806-AF10-4D8E-9619-CD6B6FB43114}.Release|Any CPU.ActiveCfg = Release|Any CPU
		{C1803806-AF10-4D8E-9619-CD6B6FB43114}.Release|Any CPU.Build.0 = Release|Any CPU
		{7BE3EFF9-99C3-4E5E-A5A7-D674CAC36AA3}.Debug|Any CPU.ActiveCfg = Debug|Any CPU
		{7BE3EFF9-99C3-4E5E-A5A7-D674CAC36AA3}.Debug|Any CPU.Build.0 = Debug|Any CPU
		{7BE3EFF9-99C3-4E5E-A5A7-D674CAC36AA3}.Release|Any CPU.ActiveCfg = Release|Any CPU
		{7BE3EFF9-99C3-4E5E-A5A7-D674CAC36AA3}.Release|Any CPU.Build.0 = Release|Any CPU
	EndGlobalSection
	GlobalSection(SolutionProperties) = preSolution
		HideSolutionNode = FALSE
	EndGlobalSection
	GlobalSection(NestedProjects) = preSolution
		{F53EF5BB-0A05-4A3B-A80B-3362DC4BD6B3} = {65A0416F-3380-4470-BD7E-CD0760B32EFE}
		{89313D15-6CE8-4A4E-98BA-63A996063B0B} = {65A0416F-3380-4470-BD7E-CD0760B32EFE}
		{8859D0C9-6223-4E80-8B63-3D19C23F4EE9} = {65A0416F-3380-4470-BD7E-CD0760B32EFE}
		{C1803806-AF10-4D8E-9619-CD6B6FB43114} = {65A0416F-3380-4470-BD7E-CD0760B32EFE}
		{7BE3EFF9-99C3-4E5E-A5A7-D674CAC36AA3} = {65A0416F-3380-4470-BD7E-CD0760B32EFE}
	EndGlobalSection
	GlobalSection(ExtensibilityGlobals) = postSolution
		SolutionGuid = {50199764-00F9-4953-B351-2C1FC91E3A58}
	EndGlobalSection
EndGlobal
