
Microsoft Visual Studio Solution File, Format Version 12.00
# Visual Studio Version 17
VisualStudioVersion = 17.5.33530.505
MinimumVisualStudioVersion = 10.0.40219.1
Project("{9A19103F-16F7-4668-BE54-9A1E7A4F7556}") = "TestProject", "TestProject\TestProject.csproj", "{827ADFA9-527A-49A7-B469-D5611002F278}"
EndProject
Project("{9A19103F-16F7-4668-BE54-9A1E7A4F7556}") = "Shared", "Shared\Shared.csproj", "{AF13E739-DE75-4FC1-AC1E-8AEB30F27499}"
EndProject
Project("{9A19103F-16F7-4668-BE54-9A1E7A4F7556}") = "Observer", "Observer\Observer.csproj", "{F7C63F94-A4FC-4DCA-8746-2FF331660F8F}"
EndProject
Project("{9A19103F-16F7-4668-BE54-9A1E7A4F7556}") = "FactoryMethod", "FactoryMethod\FactoryMethod.csproj", "{BA270D13-B812-45F6-B3B5-74F8C7486134}"
EndProject
Project("{9A19103F-16F7-4668-BE54-9A1E7A4F7556}") = "AbstractFactory", "AbstractFactory\AbstractFactory.csproj", "{06655ABB-C078-452E-B9F8-308D8DEB7192}"
EndProject
Project("{9A19103F-16F7-4668-BE54-9A1E7A4F7556}") = "Builder", "Builder\Builder.csproj", "{07810A9A-838A-4163-AC76-DB1B7AC6A4D4}"
EndProject
Project("{9A19103F-16F7-4668-BE54-9A1E7A4F7556}") = "Prototype", "Prototype\Prototype.csproj", "{016993D7-9AAB-4EF1-9FCD-C2C7E1F8DB65}"
EndProject
Project("{9A19103F-16F7-4668-BE54-9A1E7A4F7556}") = "Singleton", "Singleton\Singleton.csproj", "{0EEA0AB1-3F5E-4A7C-83C1-7540D26B3D45}"
EndProject
Project("{9A19103F-16F7-4668-BE54-9A1E7A4F7556}") = "Adapter", "Adapter\Adapter.csproj", "{43736080-D493-4CDA-ABEF-34B5225EFF68}"
EndProject
Project("{9A19103F-16F7-4668-BE54-9A1E7A4F7556}") = "Bridge", "Bridge\Bridge.csproj", "{B6F5930C-DAB1-478E-B14D-1F2B7216FB7A}"
EndProject
Project("{9A19103F-16F7-4668-BE54-9A1E7A4F7556}") = "Composite", "Composite\Composite.csproj", "{6D0BDEAA-40E2-483C-89B2-0670B805295D}"
EndProject
Project("{9A19103F-16F7-4668-BE54-9A1E7A4F7556}") = "Decorator", "Decorator\Decorator.csproj", "{80DF29CD-A64F-4594-9C77-87ABBA4A24E1}"
EndProject
Project("{9A19103F-16F7-4668-BE54-9A1E7A4F7556}") = "Facade", "Facade\Facade.csproj", "{5BC53DB6-8CE4-4526-B339-277D89198A24}"
EndProject
Project("{9A19103F-16F7-4668-BE54-9A1E7A4F7556}") = "Flyweight", "Flyweight\Flyweight.csproj", "{A12BA98E-3884-4F26-A2EA-4E2A8DE2B55B}"
EndProject
Project("{FAE04EC0-301F-11D3-BF4B-00C04F79EFBC}") = "SinglyLinkedList", "SinglyLinkedList\SinglyLinkedList.csproj", "{B7A2EC0C-C495-4DF8-90F5-2B75C6EF2AA3}"
EndProject
Global
	GlobalSection(SolutionConfigurationPlatforms) = preSolution
		Debug|Any CPU = Debug|Any CPU
		Release|Any CPU = Release|Any CPU
	EndGlobalSection
	GlobalSection(ProjectConfigurationPlatforms) = postSolution
		{827ADFA9-527A-49A7-B469-D5611002F278}.Debug|Any CPU.ActiveCfg = Debug|Any CPU
		{827ADFA9-527A-49A7-B469-D5611002F278}.Debug|Any CPU.Build.0 = Debug|Any CPU
		{827ADFA9-527A-49A7-B469-D5611002F278}.Release|Any CPU.ActiveCfg = Release|Any CPU
		{827ADFA9-527A-49A7-B469-D5611002F278}.Release|Any CPU.Build.0 = Release|Any CPU
		{AF13E739-DE75-4FC1-AC1E-8AEB30F27499}.Debug|Any CPU.ActiveCfg = Debug|Any CPU
		{AF13E739-DE75-4FC1-AC1E-8AEB30F27499}.Debug|Any CPU.Build.0 = Debug|Any CPU
		{AF13E739-DE75-4FC1-AC1E-8AEB30F27499}.Release|Any CPU.ActiveCfg = Release|Any CPU
		{AF13E739-DE75-4FC1-AC1E-8AEB30F27499}.Release|Any CPU.Build.0 = Release|Any CPU
		{F7C63F94-A4FC-4DCA-8746-2FF331660F8F}.Debug|Any CPU.ActiveCfg = Debug|Any CPU
		{F7C63F94-A4FC-4DCA-8746-2FF331660F8F}.Debug|Any CPU.Build.0 = Debug|Any CPU
		{F7C63F94-A4FC-4DCA-8746-2FF331660F8F}.Release|Any CPU.ActiveCfg = Release|Any CPU
		{F7C63F94-A4FC-4DCA-8746-2FF331660F8F}.Release|Any CPU.Build.0 = Release|Any CPU
		{BA270D13-B812-45F6-B3B5-74F8C7486134}.Debug|Any CPU.ActiveCfg = Debug|Any CPU
		{BA270D13-B812-45F6-B3B5-74F8C7486134}.Debug|Any CPU.Build.0 = Debug|Any CPU
		{BA270D13-B812-45F6-B3B5-74F8C7486134}.Release|Any CPU.ActiveCfg = Release|Any CPU
		{BA270D13-B812-45F6-B3B5-74F8C7486134}.Release|Any CPU.Build.0 = Release|Any CPU
		{06655ABB-C078-452E-B9F8-308D8DEB7192}.Debug|Any CPU.ActiveCfg = Debug|Any CPU
		{06655ABB-C078-452E-B9F8-308D8DEB7192}.Debug|Any CPU.Build.0 = Debug|Any CPU
		{06655ABB-C078-452E-B9F8-308D8DEB7192}.Release|Any CPU.ActiveCfg = Release|Any CPU
		{06655ABB-C078-452E-B9F8-308D8DEB7192}.Release|Any CPU.Build.0 = Release|Any CPU
		{07810A9A-838A-4163-AC76-DB1B7AC6A4D4}.Debug|Any CPU.ActiveCfg = Debug|Any CPU
		{07810A9A-838A-4163-AC76-DB1B7AC6A4D4}.Debug|Any CPU.Build.0 = Debug|Any CPU
		{07810A9A-838A-4163-AC76-DB1B7AC6A4D4}.Release|Any CPU.ActiveCfg = Release|Any CPU
		{07810A9A-838A-4163-AC76-DB1B7AC6A4D4}.Release|Any CPU.Build.0 = Release|Any CPU
		{016993D7-9AAB-4EF1-9FCD-C2C7E1F8DB65}.Debug|Any CPU.ActiveCfg = Debug|Any CPU
		{016993D7-9AAB-4EF1-9FCD-C2C7E1F8DB65}.Debug|Any CPU.Build.0 = Debug|Any CPU
		{016993D7-9AAB-4EF1-9FCD-C2C7E1F8DB65}.Release|Any CPU.ActiveCfg = Release|Any CPU
		{016993D7-9AAB-4EF1-9FCD-C2C7E1F8DB65}.Release|Any CPU.Build.0 = Release|Any CPU
		{0EEA0AB1-3F5E-4A7C-83C1-7540D26B3D45}.Debug|Any CPU.ActiveCfg = Debug|Any CPU
		{0EEA0AB1-3F5E-4A7C-83C1-7540D26B3D45}.Debug|Any CPU.Build.0 = Debug|Any CPU
		{0EEA0AB1-3F5E-4A7C-83C1-7540D26B3D45}.Release|Any CPU.ActiveCfg = Release|Any CPU
		{0EEA0AB1-3F5E-4A7C-83C1-7540D26B3D45}.Release|Any CPU.Build.0 = Release|Any CPU
		{43736080-D493-4CDA-ABEF-34B5225EFF68}.Debug|Any CPU.ActiveCfg = Debug|Any CPU
		{43736080-D493-4CDA-ABEF-34B5225EFF68}.Debug|Any CPU.Build.0 = Debug|Any CPU
		{43736080-D493-4CDA-ABEF-34B5225EFF68}.Release|Any CPU.ActiveCfg = Release|Any CPU
		{43736080-D493-4CDA-ABEF-34B5225EFF68}.Release|Any CPU.Build.0 = Release|Any CPU
		{B6F5930C-DAB1-478E-B14D-1F2B7216FB7A}.Debug|Any CPU.ActiveCfg = Debug|Any CPU
		{B6F5930C-DAB1-478E-B14D-1F2B7216FB7A}.Debug|Any CPU.Build.0 = Debug|Any CPU
		{B6F5930C-DAB1-478E-B14D-1F2B7216FB7A}.Release|Any CPU.ActiveCfg = Release|Any CPU
		{B6F5930C-DAB1-478E-B14D-1F2B7216FB7A}.Release|Any CPU.Build.0 = Release|Any CPU
		{6D0BDEAA-40E2-483C-89B2-0670B805295D}.Debug|Any CPU.ActiveCfg = Debug|Any CPU
		{6D0BDEAA-40E2-483C-89B2-0670B805295D}.Debug|Any CPU.Build.0 = Debug|Any CPU
		{6D0BDEAA-40E2-483C-89B2-0670B805295D}.Release|Any CPU.ActiveCfg = Release|Any CPU
		{6D0BDEAA-40E2-483C-89B2-0670B805295D}.Release|Any CPU.Build.0 = Release|Any CPU
		{80DF29CD-A64F-4594-9C77-87ABBA4A24E1}.Debug|Any CPU.ActiveCfg = Debug|Any CPU
		{80DF29CD-A64F-4594-9C77-87ABBA4A24E1}.Debug|Any CPU.Build.0 = Debug|Any CPU
		{80DF29CD-A64F-4594-9C77-87ABBA4A24E1}.Release|Any CPU.ActiveCfg = Release|Any CPU
		{80DF29CD-A64F-4594-9C77-87ABBA4A24E1}.Release|Any CPU.Build.0 = Release|Any CPU
		{5BC53DB6-8CE4-4526-B339-277D89198A24}.Debug|Any CPU.ActiveCfg = Debug|Any CPU
		{5BC53DB6-8CE4-4526-B339-277D89198A24}.Debug|Any CPU.Build.0 = Debug|Any CPU
		{5BC53DB6-8CE4-4526-B339-277D89198A24}.Release|Any CPU.ActiveCfg = Release|Any CPU
		{5BC53DB6-8CE4-4526-B339-277D89198A24}.Release|Any CPU.Build.0 = Release|Any CPU
		{A12BA98E-3884-4F26-A2EA-4E2A8DE2B55B}.Debug|Any CPU.ActiveCfg = Debug|Any CPU
		{A12BA98E-3884-4F26-A2EA-4E2A8DE2B55B}.Debug|Any CPU.Build.0 = Debug|Any CPU
		{A12BA98E-3884-4F26-A2EA-4E2A8DE2B55B}.Release|Any CPU.ActiveCfg = Release|Any CPU
		{A12BA98E-3884-4F26-A2EA-4E2A8DE2B55B}.Release|Any CPU.Build.0 = Release|Any CPU
		{B7A2EC0C-C495-4DF8-90F5-2B75C6EF2AA3}.Debug|Any CPU.ActiveCfg = Debug|Any CPU
		{B7A2EC0C-C495-4DF8-90F5-2B75C6EF2AA3}.Debug|Any CPU.Build.0 = Debug|Any CPU
		{B7A2EC0C-C495-4DF8-90F5-2B75C6EF2AA3}.Release|Any CPU.ActiveCfg = Release|Any CPU
		{B7A2EC0C-C495-4DF8-90F5-2B75C6EF2AA3}.Release|Any CPU.Build.0 = Release|Any CPU
	EndGlobalSection
	GlobalSection(SolutionProperties) = preSolution
		HideSolutionNode = FALSE
	EndGlobalSection
	GlobalSection(ExtensibilityGlobals) = postSolution
		SolutionGuid = {50199764-00F9-4953-B351-2C1FC91E3A58}
	EndGlobalSection
EndGlobal
